// !$*UTF8*$!
{
	archiveVersion = 1;
	classes = {
	};
	objectVersion = 56;
	objects = {

/* Begin PBXBuildFile section */
		F4E556262AFB67190058D71D /* AppDelegate.swift in Sources */ = {isa = PBXBuildFile; fileRef = F4E556252AFB67190058D71D /* AppDelegate.swift */; };
		F4E556282AFB67190058D71D /* SceneDelegate.swift in Sources */ = {isa = PBXBuildFile; fileRef = F4E556272AFB67190058D71D /* SceneDelegate.swift */; };
		F4E5562A2AFB67190058D71D /* ViewController.swift in Sources */ = {isa = PBXBuildFile; fileRef = F4E556292AFB67190058D71D /* ViewController.swift */; };
		F4E5562D2AFB67190058D71D /* Main.storyboard in Resources */ = {isa = PBXBuildFile; fileRef = F4E5562B2AFB67190058D71D /* Main.storyboard */; };
		F4E5562F2AFB671A0058D71D /* Assets.xcassets in Resources */ = {isa = PBXBuildFile; fileRef = F4E5562E2AFB671A0058D71D /* Assets.xcassets */; };
		F4E556322AFB671A0058D71D /* LaunchScreen.storyboard in Resources */ = {isa = PBXBuildFile; fileRef = F4E556302AFB671A0058D71D /* LaunchScreen.storyboard */; };
		F4E5563A2AFB6D610058D71D /* ViewModel.swift in Sources */ = {isa = PBXBuildFile; fileRef = F4E556392AFB6D610058D71D /* ViewModel.swift */; };
		F4E5563C2AFB6DC10058D71D /* VCViewModel.swift in Sources */ = {isa = PBXBuildFile; fileRef = F4E5563B2AFB6DC10058D71D /* VCViewModel.swift */; };
		F4E5564D2AFB752D0058D71D /* ExRxTestUITests.swift in Sources */ = {isa = PBXBuildFile; fileRef = F4E5564C2AFB752D0058D71D /* ExRxTestUITests.swift */; };
		F4E5564F2AFB752D0058D71D /* ExRxTestUITestsLaunchTests.swift in Sources */ = {isa = PBXBuildFile; fileRef = F4E5564E2AFB752D0058D71D /* ExRxTestUITestsLaunchTests.swift */; };
		F4E5565C2AFC53740058D71D /* ExRxTestTests.swift in Sources */ = {isa = PBXBuildFile; fileRef = F4E5565B2AFC53740058D71D /* ExRxTestTests.swift */; };
		F4E5567D2AFC5F750058D71D /* RxCocoa in Frameworks */ = {isa = PBXBuildFile; productRef = F4E5567C2AFC5F750058D71D /* RxCocoa */; };
		F4E5567F2AFC5F750058D71D /* RxRelay in Frameworks */ = {isa = PBXBuildFile; productRef = F4E5567E2AFC5F750058D71D /* RxRelay */; };
		F4E556812AFC5F750058D71D /* RxSwift in Frameworks */ = {isa = PBXBuildFile; productRef = F4E556802AFC5F750058D71D /* RxSwift */; };
/* End PBXBuildFile section */

/* Begin PBXContainerItemProxy section */
		F4E556502AFB752D0058D71D /* PBXContainerItemProxy */ = {
			isa = PBXContainerItemProxy;
			containerPortal = F4E5561A2AFB67190058D71D /* Project object */;
			proxyType = 1;
			remoteGlobalIDString = F4E556212AFB67190058D71D;
			remoteInfo = ExRxTest;
		};
		F4E5565D2AFC53740058D71D /* PBXContainerItemProxy */ = {
			isa = PBXContainerItemProxy;
			containerPortal = F4E5561A2AFB67190058D71D /* Project object */;
			proxyType = 1;
			remoteGlobalIDString = F4E556212AFB67190058D71D;
			remoteInfo = ExRxTest;
		};
/* End PBXContainerItemProxy section */

/* Begin PBXFileReference section */
		F4E556222AFB67190058D71D /* ExRxTest.app */ = {isa = PBXFileReference; explicitFileType = wrapper.application; includeInIndex = 0; path = ExRxTest.app; sourceTree = BUILT_PRODUCTS_DIR; };
		F4E556252AFB67190058D71D /* AppDelegate.swift */ = {isa = PBXFileReference; lastKnownFileType = sourcecode.swift; path = AppDelegate.swift; sourceTree = "<group>"; };
		F4E556272AFB67190058D71D /* SceneDelegate.swift */ = {isa = PBXFileReference; lastKnownFileType = sourcecode.swift; path = SceneDelegate.swift; sourceTree = "<group>"; };
		F4E556292AFB67190058D71D /* ViewController.swift */ = {isa = PBXFileReference; lastKnownFileType = sourcecode.swift; path = ViewController.swift; sourceTree = "<group>"; };
		F4E5562C2AFB67190058D71D /* Base */ = {isa = PBXFileReference; lastKnownFileType = file.storyboard; name = Base; path = Base.lproj/Main.storyboard; sourceTree = "<group>"; };
		F4E5562E2AFB671A0058D71D /* Assets.xcassets */ = {isa = PBXFileReference; lastKnownFileType = folder.assetcatalog; path = Assets.xcassets; sourceTree = "<group>"; };
		F4E556312AFB671A0058D71D /* Base */ = {isa = PBXFileReference; lastKnownFileType = file.storyboard; name = Base; path = Base.lproj/LaunchScreen.storyboard; sourceTree = "<group>"; };
		F4E556332AFB671A0058D71D /* Info.plist */ = {isa = PBXFileReference; lastKnownFileType = text.plist.xml; path = Info.plist; sourceTree = "<group>"; };
		F4E556392AFB6D610058D71D /* ViewModel.swift */ = {isa = PBXFileReference; lastKnownFileType = sourcecode.swift; path = ViewModel.swift; sourceTree = "<group>"; };
		F4E5563B2AFB6DC10058D71D /* VCViewModel.swift */ = {isa = PBXFileReference; lastKnownFileType = sourcecode.swift; path = VCViewModel.swift; sourceTree = "<group>"; };
		F4E5564A2AFB752D0058D71D /* ExRxTestUITests.xctest */ = {isa = PBXFileReference; explicitFileType = wrapper.cfbundle; includeInIndex = 0; path = ExRxTestUITests.xctest; sourceTree = BUILT_PRODUCTS_DIR; };
		F4E5564C2AFB752D0058D71D /* ExRxTestUITests.swift */ = {isa = PBXFileReference; lastKnownFileType = sourcecode.swift; path = ExRxTestUITests.swift; sourceTree = "<group>"; };
		F4E5564E2AFB752D0058D71D /* ExRxTestUITestsLaunchTests.swift */ = {isa = PBXFileReference; lastKnownFileType = sourcecode.swift; path = ExRxTestUITestsLaunchTests.swift; sourceTree = "<group>"; };
		F4E556592AFC53740058D71D /* ExRxTestTests.xctest */ = {isa = PBXFileReference; explicitFileType = wrapper.cfbundle; includeInIndex = 0; path = ExRxTestTests.xctest; sourceTree = BUILT_PRODUCTS_DIR; };
		F4E5565B2AFC53740058D71D /* ExRxTestTests.swift */ = {isa = PBXFileReference; lastKnownFileType = sourcecode.swift; path = ExRxTestTests.swift; sourceTree = "<group>"; };
/* End PBXFileReference section */

/* Begin PBXFrameworksBuildPhase section */
		F4E5561F2AFB67190058D71D /* Frameworks */ = {
			isa = PBXFrameworksBuildPhase;
			buildActionMask = 2147483647;
			files = (
				F4E556812AFC5F750058D71D /* RxSwift in Frameworks */,
				F4E5567F2AFC5F750058D71D /* RxRelay in Frameworks */,
				F4E5567D2AFC5F750058D71D /* RxCocoa in Frameworks */,
			);
			runOnlyForDeploymentPostprocessing = 0;
		};
		F4E556472AFB752D0058D71D /* Frameworks */ = {
			isa = PBXFrameworksBuildPhase;
			buildActionMask = 2147483647;
			files = (
			);
			runOnlyForDeploymentPostprocessing = 0;
		};
		F4E556562AFC53740058D71D /* Frameworks */ = {
			isa = PBXFrameworksBuildPhase;
			buildActionMask = 2147483647;
			files = (
			);
			runOnlyForDeploymentPostprocessing = 0;
		};
/* End PBXFrameworksBuildPhase section */

/* Begin PBXGroup section */
		F4E556192AFB67190058D71D = {
			isa = PBXGroup;
			children = (
				F4E556242AFB67190058D71D /* ExRxTest */,
				F4E5564B2AFB752D0058D71D /* ExRxTestUITests */,
				F4E5565A2AFC53740058D71D /* ExRxTestTests */,
				F4E556232AFB67190058D71D /* Products */,
			);
			sourceTree = "<group>";
		};
		F4E556232AFB67190058D71D /* Products */ = {
			isa = PBXGroup;
			children = (
				F4E556222AFB67190058D71D /* ExRxTest.app */,
				F4E5564A2AFB752D0058D71D /* ExRxTestUITests.xctest */,
				F4E556592AFC53740058D71D /* ExRxTestTests.xctest */,
			);
			name = Products;
			sourceTree = "<group>";
		};
		F4E556242AFB67190058D71D /* ExRxTest */ = {
			isa = PBXGroup;
			children = (
				F4E556252AFB67190058D71D /* AppDelegate.swift */,
				F4E556272AFB67190058D71D /* SceneDelegate.swift */,
				F4E556292AFB67190058D71D /* ViewController.swift */,
				F4E5563B2AFB6DC10058D71D /* VCViewModel.swift */,
				F4E556392AFB6D610058D71D /* ViewModel.swift */,
				F4E5562B2AFB67190058D71D /* Main.storyboard */,
				F4E5562E2AFB671A0058D71D /* Assets.xcassets */,
				F4E556302AFB671A0058D71D /* LaunchScreen.storyboard */,
				F4E556332AFB671A0058D71D /* Info.plist */,
			);
			path = ExRxTest;
			sourceTree = "<group>";
		};
		F4E5564B2AFB752D0058D71D /* ExRxTestUITests */ = {
			isa = PBXGroup;
			children = (
				F4E5564C2AFB752D0058D71D /* ExRxTestUITests.swift */,
				F4E5564E2AFB752D0058D71D /* ExRxTestUITestsLaunchTests.swift */,
			);
			path = ExRxTestUITests;
			sourceTree = "<group>";
		};
		F4E5565A2AFC53740058D71D /* ExRxTestTests */ = {
			isa = PBXGroup;
			children = (
				F4E5565B2AFC53740058D71D /* ExRxTestTests.swift */,
			);
			path = ExRxTestTests;
			sourceTree = "<group>";
		};
/* End PBXGroup section */

/* Begin PBXNativeTarget section */
		F4E556212AFB67190058D71D /* ExRxTest */ = {
			isa = PBXNativeTarget;
			buildConfigurationList = F4E556362AFB671A0058D71D /* Build configuration list for PBXNativeTarget "ExRxTest" */;
			buildPhases = (
				F4E5561E2AFB67190058D71D /* Sources */,
				F4E5561F2AFB67190058D71D /* Frameworks */,
				F4E556202AFB67190058D71D /* Resources */,
			);
			buildRules = (
			);
			dependencies = (
			);
			name = ExRxTest;
			packageProductDependencies = (
				F4E5567C2AFC5F750058D71D /* RxCocoa */,
				F4E5567E2AFC5F750058D71D /* RxRelay */,
				F4E556802AFC5F750058D71D /* RxSwift */,
			);
			productName = ExRxTest;
			productReference = F4E556222AFB67190058D71D /* ExRxTest.app */;
			productType = "com.apple.product-type.application";
		};
		F4E556492AFB752D0058D71D /* ExRxTestUITests */ = {
			isa = PBXNativeTarget;
			buildConfigurationList = F4E556522AFB752D0058D71D /* Build configuration list for PBXNativeTarget "ExRxTestUITests" */;
			buildPhases = (
				F4E556462AFB752D0058D71D /* Sources */,
				F4E556472AFB752D0058D71D /* Frameworks */,
				F4E556482AFB752D0058D71D /* Resources */,
			);
			buildRules = (
			);
			dependencies = (
				F4E556512AFB752D0058D71D /* PBXTargetDependency */,
			);
			name = ExRxTestUITests;
			productName = ExRxTestUITests;
			productReference = F4E5564A2AFB752D0058D71D /* ExRxTestUITests.xctest */;
			productType = "com.apple.product-type.bundle.ui-testing";
		};
		F4E556582AFC53740058D71D /* ExRxTestTests */ = {
			isa = PBXNativeTarget;
			buildConfigurationList = F4E556612AFC53740058D71D /* Build configuration list for PBXNativeTarget "ExRxTestTests" */;
			buildPhases = (
				F4E556552AFC53740058D71D /* Sources */,
				F4E556562AFC53740058D71D /* Frameworks */,
				F4E556572AFC53740058D71D /* Resources */,
			);
			buildRules = (
			);
			dependencies = (
				F4E5565E2AFC53740058D71D /* PBXTargetDependency */,
			);
			name = ExRxTestTests;
			productName = ExRxTestTests;
			productReference = F4E556592AFC53740058D71D /* ExRxTestTests.xctest */;
			productType = "com.apple.product-type.bundle.unit-test";
		};
/* End PBXNativeTarget section */

/* Begin PBXProject section */
		F4E5561A2AFB67190058D71D /* Project object */ = {
			isa = PBXProject;
			attributes = {
				BuildIndependentTargetsInParallel = 1;
				LastSwiftUpdateCheck = 1430;
				LastUpgradeCheck = 1430;
				TargetAttributes = {
					F4E556212AFB67190058D71D = {
						CreatedOnToolsVersion = 14.3;
					};
					F4E556492AFB752D0058D71D = {
						CreatedOnToolsVersion = 14.3;
						TestTargetID = F4E556212AFB67190058D71D;
					};
					F4E556582AFC53740058D71D = {
						CreatedOnToolsVersion = 14.3;
						TestTargetID = F4E556212AFB67190058D71D;
					};
				};
			};
			buildConfigurationList = F4E5561D2AFB67190058D71D /* Build configuration list for PBXProject "ExRxTest" */;
			compatibilityVersion = "Xcode 14.0";
			developmentRegion = en;
			hasScannedForEncodings = 0;
			knownRegions = (
				en,
				Base,
			);
			mainGroup = F4E556192AFB67190058D71D;
			packageReferences = (
				F4E5567B2AFC5F750058D71D /* XCRemoteSwiftPackageReference "RxSwift" */,
			);
			productRefGroup = F4E556232AFB67190058D71D /* Products */;
			projectDirPath = "";
			projectRoot = "";
			targets = (
				F4E556212AFB67190058D71D /* ExRxTest */,
				F4E556492AFB752D0058D71D /* ExRxTestUITests */,
				F4E556582AFC53740058D71D /* ExRxTestTests */,
			);
		};
/* End PBXProject section */

/* Begin PBXResourcesBuildPhase section */
		F4E556202AFB67190058D71D /* Resources */ = {
			isa = PBXResourcesBuildPhase;
			buildActionMask = 2147483647;
			files = (
				F4E556322AFB671A0058D71D /* LaunchScreen.storyboard in Resources */,
				F4E5562F2AFB671A0058D71D /* Assets.xcassets in Resources */,
				F4E5562D2AFB67190058D71D /* Main.storyboard in Resources */,
			);
			runOnlyForDeploymentPostprocessing = 0;
		};
		F4E556482AFB752D0058D71D /* Resources */ = {
			isa = PBXResourcesBuildPhase;
			buildActionMask = 2147483647;
			files = (
			);
			runOnlyForDeploymentPostprocessing = 0;
		};
		F4E556572AFC53740058D71D /* Resources */ = {
			isa = PBXResourcesBuildPhase;
			buildActionMask = 2147483647;
			files = (
			);
			runOnlyForDeploymentPostprocessing = 0;
		};
/* End PBXResourcesBuildPhase section */

/* Begin PBXSourcesBuildPhase section */
		F4E5561E2AFB67190058D71D /* Sources */ = {
			isa = PBXSourcesBuildPhase;
			buildActionMask = 2147483647;
			files = (
				F4E5562A2AFB67190058D71D /* ViewController.swift in Sources */,
				F4E556262AFB67190058D71D /* AppDelegate.swift in Sources */,
				F4E5563C2AFB6DC10058D71D /* VCViewModel.swift in Sources */,
				F4E5563A2AFB6D610058D71D /* ViewModel.swift in Sources */,
				F4E556282AFB67190058D71D /* SceneDelegate.swift in Sources */,
			);
			runOnlyForDeploymentPostprocessing = 0;
		};
		F4E556462AFB752D0058D71D /* Sources */ = {
			isa = PBXSourcesBuildPhase;
			buildActionMask = 2147483647;
			files = (
				F4E5564F2AFB752D0058D71D /* ExRxTestUITestsLaunchTests.swift in Sources */,
				F4E5564D2AFB752D0058D71D /* ExRxTestUITests.swift in Sources */,
			);
			runOnlyForDeploymentPostprocessing = 0;
		};
		F4E556552AFC53740058D71D /* Sources */ = {
			isa = PBXSourcesBuildPhase;
			buildActionMask = 2147483647;
			files = (
				F4E5565C2AFC53740058D71D /* ExRxTestTests.swift in Sources */,
			);
			runOnlyForDeploymentPostprocessing = 0;
		};
/* End PBXSourcesBuildPhase section */

/* Begin PBXTargetDependency section */
		F4E556512AFB752D0058D71D /* PBXTargetDependency */ = {
			isa = PBXTargetDependency;
			target = F4E556212AFB67190058D71D /* ExRxTest */;
			targetProxy = F4E556502AFB752D0058D71D /* PBXContainerItemProxy */;
		};
		F4E5565E2AFC53740058D71D /* PBXTargetDependency */ = {
			isa = PBXTargetDependency;
			target = F4E556212AFB67190058D71D /* ExRxTest */;
			targetProxy = F4E5565D2AFC53740058D71D /* PBXContainerItemProxy */;
		};
/* End PBXTargetDependency section */

/* Begin PBXVariantGroup section */
		F4E5562B2AFB67190058D71D /* Main.storyboard */ = {
			isa = PBXVariantGroup;
			children = (
				F4E5562C2AFB67190058D71D /* Base */,
			);
			name = Main.storyboard;
			sourceTree = "<group>";
		};
		F4E556302AFB671A0058D71D /* LaunchScreen.storyboard */ = {
			isa = PBXVariantGroup;
			children = (
				F4E556312AFB671A0058D71D /* Base */,
			);
			name = LaunchScreen.storyboard;
			sourceTree = "<group>";
		};
/* End PBXVariantGroup section */

/* Begin XCBuildConfiguration section */
		F4E556342AFB671A0058D71D /* Debug */ = {
			isa = XCBuildConfiguration;
			buildSettings = {
				ALWAYS_SEARCH_USER_PATHS = NO;
				CLANG_ANALYZER_NONNULL = YES;
				CLANG_ANALYZER_NUMBER_OBJECT_CONVERSION = YES_AGGRESSIVE;
				CLANG_CXX_LANGUAGE_STANDARD = "gnu++20";
				CLANG_ENABLE_MODULES = YES;
				CLANG_ENABLE_OBJC_ARC = YES;
				CLANG_ENABLE_OBJC_WEAK = YES;
				CLANG_WARN_BLOCK_CAPTURE_AUTORELEASING = YES;
				CLANG_WARN_BOOL_CONVERSION = YES;
				CLANG_WARN_COMMA = YES;
				CLANG_WARN_CONSTANT_CONVERSION = YES;
				CLANG_WARN_DEPRECATED_OBJC_IMPLEMENTATIONS = YES;
				CLANG_WARN_DIRECT_OBJC_ISA_USAGE = YES_ERROR;
				CLANG_WARN_DOCUMENTATION_COMMENTS = YES;
				CLANG_WARN_EMPTY_BODY = YES;
				CLANG_WARN_ENUM_CONVERSION = YES;
				CLANG_WARN_INFINITE_RECURSION = YES;
				CLANG_WARN_INT_CONVERSION = YES;
				CLANG_WARN_NON_LITERAL_NULL_CONVERSION = YES;
				CLANG_WARN_OBJC_IMPLICIT_RETAIN_SELF = YES;
				CLANG_WARN_OBJC_LITERAL_CONVERSION = YES;
				CLANG_WARN_OBJC_ROOT_CLASS = YES_ERROR;
				CLANG_WARN_QUOTED_INCLUDE_IN_FRAMEWORK_HEADER = YES;
				CLANG_WARN_RANGE_LOOP_ANALYSIS = YES;
				CLANG_WARN_STRICT_PROTOTYPES = YES;
				CLANG_WARN_SUSPICIOUS_MOVE = YES;
				CLANG_WARN_UNGUARDED_AVAILABILITY = YES_AGGRESSIVE;
				CLANG_WARN_UNREACHABLE_CODE = YES;
				CLANG_WARN__DUPLICATE_METHOD_MATCH = YES;
				COPY_PHASE_STRIP = NO;
				DEBUG_INFORMATION_FORMAT = dwarf;
				ENABLE_STRICT_OBJC_MSGSEND = YES;
				ENABLE_TESTABILITY = YES;
				ENABLE_TESTING_SEARCH_PATHS = YES;
				GCC_C_LANGUAGE_STANDARD = gnu11;
				GCC_DYNAMIC_NO_PIC = NO;
				GCC_NO_COMMON_BLOCKS = YES;
				GCC_OPTIMIZATION_LEVEL = 0;
				GCC_PREPROCESSOR_DEFINITIONS = (
					"DEBUG=1",
					"$(inherited)",
				);
				GCC_WARN_64_TO_32_BIT_CONVERSION = YES;
				GCC_WARN_ABOUT_RETURN_TYPE = YES_ERROR;
				GCC_WARN_UNDECLARED_SELECTOR = YES;
				GCC_WARN_UNINITIALIZED_AUTOS = YES_AGGRESSIVE;
				GCC_WARN_UNUSED_FUNCTION = YES;
				GCC_WARN_UNUSED_VARIABLE = YES;
				IPHONEOS_DEPLOYMENT_TARGET = 16.4;
				MTL_ENABLE_DEBUG_INFO = INCLUDE_SOURCE;
				MTL_FAST_MATH = YES;
				ONLY_ACTIVE_ARCH = YES;
				SDKROOT = iphoneos;
				SWIFT_ACTIVE_COMPILATION_CONDITIONS = DEBUG;
				SWIFT_OPTIMIZATION_LEVEL = "-Onone";
			};
			name = Debug;
		};
		F4E556352AFB671A0058D71D /* Release */ = {
			isa = XCBuildConfiguration;
			buildSettings = {
				ALWAYS_SEARCH_USER_PATHS = NO;
				CLANG_ANALYZER_NONNULL = YES;
				CLANG_ANALYZER_NUMBER_OBJECT_CONVERSION = YES_AGGRESSIVE;
				CLANG_CXX_LANGUAGE_STANDARD = "gnu++20";
				CLANG_ENABLE_MODULES = YES;
				CLANG_ENABLE_OBJC_ARC = YES;
				CLANG_ENABLE_OBJC_WEAK = YES;
				CLANG_WARN_BLOCK_CAPTURE_AUTORELEASING = YES;
				CLANG_WARN_BOOL_CONVERSION = YES;
				CLANG_WARN_COMMA = YES;
				CLANG_WARN_CONSTANT_CONVERSION = YES;
				CLANG_WARN_DEPRECATED_OBJC_IMPLEMENTATIONS = YES;
				CLANG_WARN_DIRECT_OBJC_ISA_USAGE = YES_ERROR;
				CLANG_WARN_DOCUMENTATION_COMMENTS = YES;
				CLANG_WARN_EMPTY_BODY = YES;
				CLANG_WARN_ENUM_CONVERSION = YES;
				CLANG_WARN_INFINITE_RECURSION = YES;
				CLANG_WARN_INT_CONVERSION = YES;
				CLANG_WARN_NON_LITERAL_NULL_CONVERSION = YES;
				CLANG_WARN_OBJC_IMPLICIT_RETAIN_SELF = YES;
				CLANG_WARN_OBJC_LITERAL_CONVERSION = YES;
				CLANG_WARN_OBJC_ROOT_CLASS = YES_ERROR;
				CLANG_WARN_QUOTED_INCLUDE_IN_FRAMEWORK_HEADER = YES;
				CLANG_WARN_RANGE_LOOP_ANALYSIS = YES;
				CLANG_WARN_STRICT_PROTOTYPES = YES;
				CLANG_WARN_SUSPICIOUS_MOVE = YES;
				CLANG_WARN_UNGUARDED_AVAILABILITY = YES_AGGRESSIVE;
				CLANG_WARN_UNREACHABLE_CODE = YES;
				CLANG_WARN__DUPLICATE_METHOD_MATCH = YES;
				COPY_PHASE_STRIP = NO;
				DEBUG_INFORMATION_FORMAT = "dwarf-with-dsym";
				ENABLE_NS_ASSERTIONS = NO;
				ENABLE_STRICT_OBJC_MSGSEND = YES;
				ENABLE_TESTING_SEARCH_PATHS = YES;
				GCC_C_LANGUAGE_STANDARD = gnu11;
				GCC_NO_COMMON_BLOCKS = YES;
				GCC_WARN_64_TO_32_BIT_CONVERSION = YES;
				GCC_WARN_ABOUT_RETURN_TYPE = YES_ERROR;
				GCC_WARN_UNDECLARED_SELECTOR = YES;
				GCC_WARN_UNINITIALIZED_AUTOS = YES_AGGRESSIVE;
				GCC_WARN_UNUSED_FUNCTION = YES;
				GCC_WARN_UNUSED_VARIABLE = YES;
				IPHONEOS_DEPLOYMENT_TARGET = 16.4;
				MTL_ENABLE_DEBUG_INFO = NO;
				MTL_FAST_MATH = YES;
				SDKROOT = iphoneos;
				SWIFT_COMPILATION_MODE = wholemodule;
				SWIFT_OPTIMIZATION_LEVEL = "-O";
				VALIDATE_PRODUCT = YES;
			};
			name = Release;
		};
		F4E556372AFB671A0058D71D /* Debug */ = {
			isa = XCBuildConfiguration;
			buildSettings = {
				ASSETCATALOG_COMPILER_APPICON_NAME = AppIcon;
				ASSETCATALOG_COMPILER_GLOBAL_ACCENT_COLOR_NAME = AccentColor;
				CODE_SIGN_STYLE = Automatic;
				CURRENT_PROJECT_VERSION = 1;
				DEVELOPMENT_TEAM = ZW2QN4NJR6;
				GENERATE_INFOPLIST_FILE = YES;
				INFOPLIST_FILE = ExRxTest/Info.plist;
				INFOPLIST_KEY_UIApplicationSupportsIndirectInputEvents = YES;
				INFOPLIST_KEY_UILaunchStoryboardName = LaunchScreen;
				INFOPLIST_KEY_UIMainStoryboardFile = Main;
				INFOPLIST_KEY_UISupportedInterfaceOrientations_iPad = "UIInterfaceOrientationPortrait UIInterfaceOrientationPortraitUpsideDown UIInterfaceOrientationLandscapeLeft UIInterfaceOrientationLandscapeRight";
				INFOPLIST_KEY_UISupportedInterfaceOrientations_iPhone = "UIInterfaceOrientationPortrait UIInterfaceOrientationLandscapeLeft UIInterfaceOrientationLandscapeRight";
				LD_RUNPATH_SEARCH_PATHS = (
					"$(inherited)",
					"@executable_path/Frameworks",
				);
				MARKETING_VERSION = 1.0;
				PRODUCT_BUNDLE_IDENTIFIER = test.ExRxTest;
				PRODUCT_NAME = "$(TARGET_NAME)";
				SWIFT_EMIT_LOC_STRINGS = YES;
				SWIFT_VERSION = 5.0;
				TARGETED_DEVICE_FAMILY = "1,2";
			};
			name = Debug;
		};
		F4E556382AFB671A0058D71D /* Release */ = {
			isa = XCBuildConfiguration;
			buildSettings = {
				ASSETCATALOG_COMPILER_APPICON_NAME = AppIcon;
				ASSETCATALOG_COMPILER_GLOBAL_ACCENT_COLOR_NAME = AccentColor;
				CODE_SIGN_STYLE = Automatic;
				CURRENT_PROJECT_VERSION = 1;
				DEVELOPMENT_TEAM = ZW2QN4NJR6;
				GENERATE_INFOPLIST_FILE = YES;
				INFOPLIST_FILE = ExRxTest/Info.plist;
				INFOPLIST_KEY_UIApplicationSupportsIndirectInputEvents = YES;
				INFOPLIST_KEY_UILaunchStoryboardName = LaunchScreen;
				INFOPLIST_KEY_UIMainStoryboardFile = Main;
				INFOPLIST_KEY_UISupportedInterfaceOrientations_iPad = "UIInterfaceOrientationPortrait UIInterfaceOrientationPortraitUpsideDown UIInterfaceOrientationLandscapeLeft UIInterfaceOrientationLandscapeRight";
				INFOPLIST_KEY_UISupportedInterfaceOrientations_iPhone = "UIInterfaceOrientationPortrait UIInterfaceOrientationLandscapeLeft UIInterfaceOrientationLandscapeRight";
				LD_RUNPATH_SEARCH_PATHS = (
					"$(inherited)",
					"@executable_path/Frameworks",
				);
				MARKETING_VERSION = 1.0;
				PRODUCT_BUNDLE_IDENTIFIER = test.ExRxTest;
				PRODUCT_NAME = "$(TARGET_NAME)";
				SWIFT_EMIT_LOC_STRINGS = YES;
				SWIFT_VERSION = 5.0;
				TARGETED_DEVICE_FAMILY = "1,2";
			};
			name = Release;
		};
		F4E556532AFB752D0058D71D /* Debug */ = {
			isa = XCBuildConfiguration;
			buildSettings = {
				CODE_SIGN_STYLE = Automatic;
				CURRENT_PROJECT_VERSION = 1;
				DEVELOPMENT_TEAM = ZW2QN4NJR6;
				GENERATE_INFOPLIST_FILE = YES;
				MARKETING_VERSION = 1.0;
				PRODUCT_BUNDLE_IDENTIFIER = test.ExRxTestUITests;
				PRODUCT_NAME = "$(TARGET_NAME)";
				SWIFT_EMIT_LOC_STRINGS = NO;
				SWIFT_VERSION = 5.0;
				TARGETED_DEVICE_FAMILY = "1,2";
				TEST_TARGET_NAME = ExRxTest;
			};
			name = Debug;
		};
		F4E556542AFB752D0058D71D /* Release */ = {
			isa = XCBuildConfiguration;
			buildSettings = {
				CODE_SIGN_STYLE = Automatic;
				CURRENT_PROJECT_VERSION = 1;
				DEVELOPMENT_TEAM = ZW2QN4NJR6;
				GENERATE_INFOPLIST_FILE = YES;
				MARKETING_VERSION = 1.0;
				PRODUCT_BUNDLE_IDENTIFIER = test.ExRxTestUITests;
				PRODUCT_NAME = "$(TARGET_NAME)";
				SWIFT_EMIT_LOC_STRINGS = NO;
				SWIFT_VERSION = 5.0;
				TARGETED_DEVICE_FAMILY = "1,2";
				TEST_TARGET_NAME = ExRxTest;
			};
			name = Release;
		};
		F4E5565F2AFC53740058D71D /* Debug */ = {
			isa = XCBuildConfiguration;
			buildSettings = {
				BUNDLE_LOADER = "$(TEST_HOST)";
				CODE_SIGN_STYLE = Automatic;
				CURRENT_PROJECT_VERSION = 1;
				DEVELOPMENT_TEAM = ZW2QN4NJR6;
				GENERATE_INFOPLIST_FILE = YES;
				IPHONEOS_DEPLOYMENT_TARGET = 16.4;
				MACOSX_DEPLOYMENT_TARGET = 13.3;
				MARKETING_VERSION = 1.0;
				PRODUCT_BUNDLE_IDENTIFIER = test.ExRxTestTests;
				PRODUCT_NAME = "$(TARGET_NAME)";
				SDKROOT = auto;
				SUPPORTED_PLATFORMS = "iphoneos iphonesimulator macosx";
				SWIFT_EMIT_LOC_STRINGS = NO;
				SWIFT_VERSION = 5.0;
				TARGETED_DEVICE_FAMILY = "1,2";
				TEST_HOST = "$(BUILT_PRODUCTS_DIR)/ExRxTest.app/$(BUNDLE_EXECUTABLE_FOLDER_PATH)/ExRxTest";
			};
			name = Debug;
		};
		F4E556602AFC53740058D71D /* Release */ = {
			isa = XCBuildConfiguration;
			buildSettings = {
				BUNDLE_LOADER = "$(TEST_HOST)";
				CODE_SIGN_STYLE = Automatic;
				CURRENT_PROJECT_VERSION = 1;
				DEVELOPMENT_TEAM = ZW2QN4NJR6;
				GENERATE_INFOPLIST_FILE = YES;
				IPHONEOS_DEPLOYMENT_TARGET = 16.4;
				MACOSX_DEPLOYMENT_TARGET = 13.3;
				MARKETING_VERSION = 1.0;
				PRODUCT_BUNDLE_IDENTIFIER = test.ExRxTestTests;
				PRODUCT_NAME = "$(TARGET_NAME)";
				SDKROOT = auto;
				SUPPORTED_PLATFORMS = "iphoneos iphonesimulator macosx";
				SWIFT_EMIT_LOC_STRINGS = NO;
				SWIFT_VERSION = 5.0;
				TARGETED_DEVICE_FAMILY = "1,2";
				TEST_HOST = "$(BUILT_PRODUCTS_DIR)/ExRxTest.app/$(BUNDLE_EXECUTABLE_FOLDER_PATH)/ExRxTest";
			};
			name = Release;
		};
/* End XCBuildConfiguration section */

/* Begin XCConfigurationList section */
		F4E5561D2AFB67190058D71D /* Build configuration list for PBXProject "ExRxTest" */ = {
			isa = XCConfigurationList;
			buildConfigurations = (
				F4E556342AFB671A0058D71D /* Debug */,
				F4E556352AFB671A0058D71D /* Release */,
			);
			defaultConfigurationIsVisible = 0;
			defaultConfigurationName = Release;
		};
		F4E556362AFB671A0058D71D /* Build configuration list for PBXNativeTarget "ExRxTest" */ = {
			isa = XCConfigurationList;
			buildConfigurations = (
				F4E556372AFB671A0058D71D /* Debug */,
				F4E556382AFB671A0058D71D /* Release */,
			);
			defaultConfigurationIsVisible = 0;
			defaultConfigurationName = Release;
		};
		F4E556522AFB752D0058D71D /* Build configuration list for PBXNativeTarget "ExRxTestUITests" */ = {
			isa = XCConfigurationList;
			buildConfigurations = (
				F4E556532AFB752D0058D71D /* Debug */,
				F4E556542AFB752D0058D71D /* Release */,
			);
			defaultConfigurationIsVisible = 0;
			defaultConfigurationName = Release;
		};
		F4E556612AFC53740058D71D /* Build configuration list for PBXNativeTarget "ExRxTestTests" */ = {
			isa = XCConfigurationList;
			buildConfigurations = (
				F4E5565F2AFC53740058D71D /* Debug */,
				F4E556602AFC53740058D71D /* Release */,
			);
			defaultConfigurationIsVisible = 0;
			defaultConfigurationName = Release;
		};
/* End XCConfigurationList section */

/* Begin XCRemoteSwiftPackageReference section */
		F4E5567B2AFC5F750058D71D /* XCRemoteSwiftPackageReference "RxSwift" */ = {
			isa = XCRemoteSwiftPackageReference;
			repositoryURL = "https://github.com/ReactiveX/RxSwift.git";
			requirement = {
				kind = upToNextMajorVersion;
				minimumVersion = 6.0.0;
			};
		};
/* End XCRemoteSwiftPackageReference section */

/* Begin XCSwiftPackageProductDependency section */
		F4E5567C2AFC5F750058D71D /* RxCocoa */ = {
			isa = XCSwiftPackageProductDependency;
			package = F4E5567B2AFC5F750058D71D /* XCRemoteSwiftPackageReference "RxSwift" */;
			productName = RxCocoa;
		};
		F4E5567E2AFC5F750058D71D /* RxRelay */ = {
			isa = XCSwiftPackageProductDependency;
			package = F4E5567B2AFC5F750058D71D /* XCRemoteSwiftPackageReference "RxSwift" */;
			productName = RxRelay;
		};
		F4E556802AFC5F750058D71D /* RxSwift */ = {
			isa = XCSwiftPackageProductDependency;
			package = F4E5567B2AFC5F750058D71D /* XCRemoteSwiftPackageReference "RxSwift" */;
			productName = RxSwift;
		};
/* End XCSwiftPackageProductDependency section */
	};
	rootObject = F4E5561A2AFB67190058D71D /* Project object */;
}
